
Microsoft Visual Studio Solution File, Format Version 12.00
# Visual Studio 15
VisualStudioVersion = 15.0.27703.2042
MinimumVisualStudioVersion = 10.0.40219.1
Project("{FAE04EC0-301F-11D3-BF4B-00C04F79EFBC}") = "WindowsFormsApp", "WindowsFormsApp\WindowsFormsApp.csproj", "{B7F73383-AA4D-42A8-B31E-CB82F28260FC}"
EndProject
Project("{FAE04EC0-301F-11D3-BF4B-00C04F79EFBC}") = "ClassLibrary", "ClassLibrary\ClassLibrary.csproj", "{47E559BB-808A-4BD5-89C7-E2DE3700DE33}"
EndProject
Global
	GlobalSection(SolutionConfigurationPlatforms) = preSolution
		Debug|Any CPU = Debug|Any CPU
		Release|Any CPU = Release|Any CPU
	EndGlobalSection
	GlobalSection(ProjectConfigurationPlatforms) = postSolution
		{B7F73383-AA4D-42A8-B31E-CB82F28260FC}.Debug|Any CPU.ActiveCfg = Debug|Any CPU
		{B7F73383-AA4D-42A8-B31E-CB82F28260FC}.Debug|Any CPU.Build.0 = Debug|Any CPU
		{B7F73383-AA4D-42A8-B31E-CB82F28260FC}.Release|Any CPU.ActiveCfg = Release|Any CPU
		{B7F73383-AA4D-42A8-B31E-CB82F28260FC}.Release|Any CPU.Build.0 = Release|Any CPU
		{47E559BB-808A-4BD5-89C7-E2DE3700DE33}.Debug|Any CPU.ActiveCfg = Debug|Any CPU
		{47E559BB-808A-4BD5-89C7-E2DE3700DE33}.Debug|Any CPU.Build.0 = Debug|Any CPU
		{47E559BB-808A-4BD5-89C7-E2DE3700DE33}.Release|Any CPU.ActiveCfg = Release|Any CPU
		{47E559BB-808A-4BD5-89C7-E2DE3700DE33}.Release|Any CPU.Build.0 = Release|Any CPU
	EndGlobalSection
	GlobalSection(SolutionProperties) = preSolution
		HideSolutionNode = FALSE
	EndGlobalSection
	GlobalSection(ExtensibilityGlobals) = postSolution
		SolutionGuid = {7494994C-4052-4ED9-B8D5-18DDEE5E859B}
	EndGlobalSection
EndGlobal
